<?xml version="1.0" encoding="utf-8"?>
<Project ToolsVersion="4.0" xmlns="http://schemas.microsoft.com/developer/msbuild/2003">
  <ItemGroup>
    <Filter Include="Generated Files">
      <UniqueIdentifier>{06b10238-c0bf-4ef2-a5e1-b9da73bfe29a}</UniqueIdentifier>
    </Filter>
    <Filter Include="Source Files">
      <UniqueIdentifier>{3283f414-632a-483f-87a8-9ec9dec974a7}</UniqueIdentifier>
      <Extensions>cpp;c;edl;def;</Extensions>
    </Filter>
    <Filter Include="Header Files">
      <UniqueIdentifier>{b7c4c63c-59ff-4a10-b810-4e7998444ffc}</UniqueIdentifier>
      <Extensions>h;hpp;</Extensions>
    </Filter>
    <Filter Include="Resource Files">
      <UniqueIdentifier>{676519ea-2ee8-4fdf-9cd9-d419778abd8f}</UniqueIdentifier>
      <Extensions>rc;xml;pem;</Extensions>
    </Filter>
  </ItemGroup>
  <ItemGroup>
    <ClCompile Include="CoverDrop_SGX_ToUsers_t.c">
      <Filter>Generated Files</Filter>
    </ClCompile>
    <ClCompile Include="CoverDrop_SGX_ToUsers.cpp">
      <Filter>Source Files</Filter>
    </ClCompile>
  </ItemGroup>
  <ItemGroup>
    <ClInclude Include="CoverDrop_SGX_ToUsers_t.h">
      <Filter>Generated Files</Filter>
    </ClInclude>
    <ClInclude Include="CoverDrop_SGX_ToUsers.h">
      <Filter>Header Files</Filter>
    </ClInclude>
  </ItemGroup>
  <ItemGroup>
    <None Include="CoverDrop_SGX_ToUsers_private.pem">
      <Filter>Resource Files</Filter>
    </None>
  </ItemGroup>
  <ItemGroup>
    <Xml Include="CoverDrop_SGX_ToUsers.config.xml">
      <Filter>Resource Files</Filter>
    </Xml>
  </ItemGroup>
  <ItemGroup>
    <CustomBuild Include="CoverDrop_SGX_ToUsers.edl">
      <Filter>Source Files</Filter>
    </CustomBuild>
  </ItemGroup>
</Project>